
Microsoft Visual Studio Solution File, Format Version 12.00
# Visual Studio Version 16
VisualStudioVersion = 16.0.30413.136
MinimumVisualStudioVersion = 10.0.40219.1
Project("{FAE04EC0-301F-11D3-BF4B-00C04F79EFBC}") = "WebDanvenClient", "WebDanvenClient\WebDanvenClient.csproj", "{C7AFCBC9-D74D-4D22-A533-5435670837CA}"
	ProjectSection(ProjectDependencies) = postProject
		{4088C251-8A31-48C6-AC01-658A790CBF24} = {4088C251-8A31-48C6-AC01-658A790CBF24}
	EndProjectSection
EndProject
Project("{FAE04EC0-301F-11D3-BF4B-00C04F79EFBC}") = "WcfDanvenRepairedGenerator", "WcfDanvenRepairedGenerator\WcfDanvenRepairedGenerator.csproj", "{4088C251-8A31-48C6-AC01-658A790CBF24}"
EndProject
Project("{FAE04EC0-301F-11D3-BF4B-00C04F79EFBC}") = "DesktopDanvenClient", "DesktopDanvenClient\DesktopDanvenClient.csproj", "{8B9029D8-4FA6-4400-9692-1E8DC751E9AE}"
	ProjectSection(ProjectDependencies) = postProject
		{4088C251-8A31-48C6-AC01-658A790CBF24} = {4088C251-8A31-48C6-AC01-658A790CBF24}
	EndProjectSection
EndProject
Project("{2150E333-8FDC-42A3-9474-1A3956D46DE8}") = "tests", "tests", "{0D85443B-AFDD-4A53-AFE1-3E5A81D2BA63}"
EndProject
Project("{FAE04EC0-301F-11D3-BF4B-00C04F79EFBC}") = "GeneratorServiceTest", "GeneratorServiceTest\GeneratorServiceTest.csproj", "{3449FDE3-3D92-4497-B4D4-40A4825928D2}"
EndProject
Project("{FAE04EC0-301F-11D3-BF4B-00C04F79EFBC}") = "DataTest", "DataTest\DataTest.csproj", "{092E83A2-8756-4167-A543-13D9C3BC4720}"
EndProject
Project("{FAE04EC0-301F-11D3-BF4B-00C04F79EFBC}") = "DesktopTest", "DesktopTest\DesktopTest.csproj", "{64A5404E-E7D4-453B-884A-1C81F2A86F54}"
EndProject
Project("{FAE04EC0-301F-11D3-BF4B-00C04F79EFBC}") = "WPFDesktopClient", "WPFDesktopClient\WPFDesktopClient.csproj", "{391D3885-30DB-4EAB-B599-83F78F16F7B4}"
	ProjectSection(ProjectDependencies) = postProject
		{4088C251-8A31-48C6-AC01-658A790CBF24} = {4088C251-8A31-48C6-AC01-658A790CBF24}
	EndProjectSection
EndProject
Global
	GlobalSection(SolutionConfigurationPlatforms) = preSolution
		Debug|Any CPU = Debug|Any CPU
		Release|Any CPU = Release|Any CPU
	EndGlobalSection
	GlobalSection(ProjectConfigurationPlatforms) = postSolution
		{C7AFCBC9-D74D-4D22-A533-5435670837CA}.Debug|Any CPU.ActiveCfg = Debug|Any CPU
		{C7AFCBC9-D74D-4D22-A533-5435670837CA}.Debug|Any CPU.Build.0 = Debug|Any CPU
		{C7AFCBC9-D74D-4D22-A533-5435670837CA}.Release|Any CPU.ActiveCfg = Release|Any CPU
		{C7AFCBC9-D74D-4D22-A533-5435670837CA}.Release|Any CPU.Build.0 = Release|Any CPU
		{4088C251-8A31-48C6-AC01-658A790CBF24}.Debug|Any CPU.ActiveCfg = Debug|Any CPU
		{4088C251-8A31-48C6-AC01-658A790CBF24}.Debug|Any CPU.Build.0 = Debug|Any CPU
		{4088C251-8A31-48C6-AC01-658A790CBF24}.Release|Any CPU.ActiveCfg = Release|Any CPU
		{4088C251-8A31-48C6-AC01-658A790CBF24}.Release|Any CPU.Build.0 = Release|Any CPU
		{8B9029D8-4FA6-4400-9692-1E8DC751E9AE}.Debug|Any CPU.ActiveCfg = Debug|Any CPU
		{8B9029D8-4FA6-4400-9692-1E8DC751E9AE}.Debug|Any CPU.Build.0 = Debug|Any CPU
		{8B9029D8-4FA6-4400-9692-1E8DC751E9AE}.Release|Any CPU.ActiveCfg = Release|Any CPU
		{8B9029D8-4FA6-4400-9692-1E8DC751E9AE}.Release|Any CPU.Build.0 = Release|Any CPU
		{3449FDE3-3D92-4497-B4D4-40A4825928D2}.Debug|Any CPU.ActiveCfg = Debug|Any CPU
		{3449FDE3-3D92-4497-B4D4-40A4825928D2}.Debug|Any CPU.Build.0 = Debug|Any CPU
		{3449FDE3-3D92-4497-B4D4-40A4825928D2}.Release|Any CPU.ActiveCfg = Release|Any CPU
		{3449FDE3-3D92-4497-B4D4-40A4825928D2}.Release|Any CPU.Build.0 = Release|Any CPU
		{092E83A2-8756-4167-A543-13D9C3BC4720}.Debug|Any CPU.ActiveCfg = Debug|Any CPU
		{092E83A2-8756-4167-A543-13D9C3BC4720}.Debug|Any CPU.Build.0 = Debug|Any CPU
		{092E83A2-8756-4167-A543-13D9C3BC4720}.Release|Any CPU.ActiveCfg = Release|Any CPU
		{092E83A2-8756-4167-A543-13D9C3BC4720}.Release|Any CPU.Build.0 = Release|Any CPU
		{64A5404E-E7D4-453B-884A-1C81F2A86F54}.Debug|Any CPU.ActiveCfg = Debug|Any CPU
		{64A5404E-E7D4-453B-884A-1C81F2A86F54}.Debug|Any CPU.Build.0 = Debug|Any CPU
		{64A5404E-E7D4-453B-884A-1C81F2A86F54}.Release|Any CPU.ActiveCfg = Release|Any CPU
		{64A5404E-E7D4-453B-884A-1C81F2A86F54}.Release|Any CPU.Build.0 = Release|Any CPU
		{391D3885-30DB-4EAB-B599-83F78F16F7B4}.Debug|Any CPU.ActiveCfg = Debug|Any CPU
		{391D3885-30DB-4EAB-B599-83F78F16F7B4}.Debug|Any CPU.Build.0 = Debug|Any CPU
		{391D3885-30DB-4EAB-B599-83F78F16F7B4}.Release|Any CPU.ActiveCfg = Release|Any CPU
		{391D3885-30DB-4EAB-B599-83F78F16F7B4}.Release|Any CPU.Build.0 = Release|Any CPU
	EndGlobalSection
	GlobalSection(SolutionProperties) = preSolution
		HideSolutionNode = FALSE
	EndGlobalSection
	GlobalSection(NestedProjects) = preSolution
		{3449FDE3-3D92-4497-B4D4-40A4825928D2} = {0D85443B-AFDD-4A53-AFE1-3E5A81D2BA63}
		{092E83A2-8756-4167-A543-13D9C3BC4720} = {0D85443B-AFDD-4A53-AFE1-3E5A81D2BA63}
		{64A5404E-E7D4-453B-884A-1C81F2A86F54} = {0D85443B-AFDD-4A53-AFE1-3E5A81D2BA63}
	EndGlobalSection
	GlobalSection(ExtensibilityGlobals) = postSolution
		SolutionGuid = {A9E8A3CE-EBDE-4271-871C-5B63735EB04A}
	EndGlobalSection
EndGlobal
